Microsoft Visual Studio Solution File, Format Version 12.00
# Visual Studio Version 17
VisualStudioVersion = 17.14.35906.104
MinimumVisualStudioVersion = 10.0.40219.1
Project("{FAE04EC0-301F-11D3-BF4B-00C04F79EFBC}") = "QLBH", "QLBH\QLBH.csproj", "{C3495EA8-EFAF-43DC-902F-EFD15A513D88}"
EndProject
Global
	GlobalSection(SolutionConfigurationPlatforms) = preSolution
		Debug|Any CPU = Debug|Any CPU
		Release|Any CPU = Release|Any CPU
	EndGlobalSection
	GlobalSection(ProjectConfigurationPlatforms) = postSolution
		{C3495EA8-EFAF-43DC-902F-EFD15A513D88}.Debug|Any CPU.ActiveCfg = Debug|Any CPU
		{C3495EA8-EFAF-43DC-902F-EFD15A513D88}.Debug|Any CPU.Build.0 = Debug|Any CPU
		{C3495EA8-EFAF-43DC-902F-EFD15A513D88}.Release|Any CPU.ActiveCfg = Release|Any CPU
		{C3495EA8-EFAF-43DC-902F-EFD15A513D88}.Release|Any CPU.Build.0 = Release|Any CPU
	EndGlobalSection
	GlobalSection(SolutionProperties) = preSolution
		HideSolutionNode = FALSE
	EndGlobalSection
	GlobalSection(ExtensibilityGlobals) = postSolution
		SolutionGuid = {4776E2B1-9485-4F2C-9CB5-E179E9ADFDA5}
	EndGlobalSection
EndGlobal
